
Microsoft Visual Studio Solution File, Format Version 12.00
# Visual Studio Version 17
VisualStudioVersion = 17.8.34525.116
MinimumVisualStudioVersion = 10.0.40219.1
Project("{FAE04EC0-301F-11D3-BF4B-00C04F79EFBC}") = "Trabalho_novo", "Trabalho_novo\Trabalho_novo.csproj", "{9D4009B9-A8B5-4144-89A8-75250105719C}"
EndProject
Global
	GlobalSection(SolutionConfigurationPlatforms) = preSolution
		Debug|Any CPU = Debug|Any CPU
		Release|Any CPU = Release|Any CPU
	EndGlobalSection
	GlobalSection(ProjectConfigurationPlatforms) = postSolution
		{9D4009B9-A8B5-4144-89A8-75250105719C}.Debug|Any CPU.ActiveCfg = Debug|Any CPU
		{9D4009B9-A8B5-4144-89A8-75250105719C}.Debug|Any CPU.Build.0 = Debug|Any CPU
		{9D4009B9-A8B5-4144-89A8-75250105719C}.Release|Any CPU.ActiveCfg = Release|Any CPU
		{9D4009B9-A8B5-4144-89A8-75250105719C}.Release|Any CPU.Build.0 = Release|Any CPU
	EndGlobalSection
	GlobalSection(SolutionProperties) = preSolution
		HideSolutionNode = FALSE
	EndGlobalSection
	GlobalSection(ExtensibilityGlobals) = postSolution
		SolutionGuid = {EC6C237E-45CC-4A4A-9003-4B014E14D482}
	EndGlobalSection
EndGlobal
